
Microsoft Visual Studio Solution File, Format Version 12.00
# Visual Studio 15
VisualStudioVersion = 15.0.27703.2026
MinimumVisualStudioVersion = 10.0.40219.1
Project("{FAE04EC0-301F-11D3-BF4B-00C04F79EFBC}") = "CSVParsing", "CSVParsing\CSVParsing.csproj", "{EBCB3259-F831-4FF9-944F-382C1AC78755}"
EndProject
Global
	GlobalSection(SolutionConfigurationPlatforms) = preSolution
		Debug|Any CPU = Debug|Any CPU
		Release|Any CPU = Release|Any CPU
	EndGlobalSection
	GlobalSection(ProjectConfigurationPlatforms) = postSolution
		{EBCB3259-F831-4FF9-944F-382C1AC78755}.Debug|Any CPU.ActiveCfg = Debug|Any CPU
		{EBCB3259-F831-4FF9-944F-382C1AC78755}.Debug|Any CPU.Build.0 = Debug|Any CPU
		{EBCB3259-F831-4FF9-944F-382C1AC78755}.Release|Any CPU.ActiveCfg = Release|Any CPU
		{EBCB3259-F831-4FF9-944F-382C1AC78755}.Release|Any CPU.Build.0 = Release|Any CPU
	EndGlobalSection
	GlobalSection(SolutionProperties) = preSolution
		HideSolutionNode = FALSE
	EndGlobalSection
	GlobalSection(ExtensibilityGlobals) = postSolution
		SolutionGuid = {65F3BBC6-6B8A-4A61-9C4B-8AF2015F4D8E}
	EndGlobalSection
EndGlobal
